
Microsoft Visual Studio Solution File, Format Version 12.00
# Visual Studio Version 17
VisualStudioVersion = 17.4.33205.214
MinimumVisualStudioVersion = 10.0.40219.1
Project("{FAE04EC0-301F-11D3-BF4B-00C04F79EFBC}") = "ShopStrumentiMusicali", "ShopStrumentiMusicali\ShopStrumentiMusicali.csproj", "{08CC5A17-9326-435D-A52E-E4D4C5B2838E}"
EndProject
Global
	GlobalSection(SolutionConfigurationPlatforms) = preSolution
		Debug|Any CPU = Debug|Any CPU
		Release|Any CPU = Release|Any CPU
	EndGlobalSection
	GlobalSection(ProjectConfigurationPlatforms) = postSolution
		{08CC5A17-9326-435D-A52E-E4D4C5B2838E}.Debug|Any CPU.ActiveCfg = Debug|Any CPU
		{08CC5A17-9326-435D-A52E-E4D4C5B2838E}.Debug|Any CPU.Build.0 = Debug|Any CPU
		{08CC5A17-9326-435D-A52E-E4D4C5B2838E}.Release|Any CPU.ActiveCfg = Release|Any CPU
		{08CC5A17-9326-435D-A52E-E4D4C5B2838E}.Release|Any CPU.Build.0 = Release|Any CPU
	EndGlobalSection
	GlobalSection(SolutionProperties) = preSolution
		HideSolutionNode = FALSE
	EndGlobalSection
	GlobalSection(ExtensibilityGlobals) = postSolution
		SolutionGuid = {A5E31CA9-CD46-4651-B542-461C319019DA}
	EndGlobalSection
EndGlobal
